
Microsoft Visual Studio Solution File, Format Version 12.00
# Visual Studio Version 16
VisualStudioVersion = 16.0.810.25
MinimumVisualStudioVersion = 10.0.40219.1
Project("{FAE04EC0-301F-11D3-BF4B-00C04F79EFBC}") = "task3", "task3\task3.csproj", "{C1E44167-0D63-496B-95BF-4B8E6D96EA0C}"
EndProject
Project("{FAE04EC0-301F-11D3-BF4B-00C04F79EFBC}") = "TestNmat", "TestNmat\TestNmat.csproj", "{8A02BFCB-DB1B-4D51-81C2-BE483EEFE604}"
EndProject
Global
	GlobalSection(SolutionConfigurationPlatforms) = preSolution
		Debug|Any CPU = Debug|Any CPU
		Release|Any CPU = Release|Any CPU
	EndGlobalSection
	GlobalSection(ProjectConfigurationPlatforms) = postSolution
		{C1E44167-0D63-496B-95BF-4B8E6D96EA0C}.Debug|Any CPU.ActiveCfg = Debug|Any CPU
		{C1E44167-0D63-496B-95BF-4B8E6D96EA0C}.Debug|Any CPU.Build.0 = Debug|Any CPU
		{C1E44167-0D63-496B-95BF-4B8E6D96EA0C}.Release|Any CPU.ActiveCfg = Release|Any CPU
		{C1E44167-0D63-496B-95BF-4B8E6D96EA0C}.Release|Any CPU.Build.0 = Release|Any CPU
		{8A02BFCB-DB1B-4D51-81C2-BE483EEFE604}.Debug|Any CPU.ActiveCfg = Debug|Any CPU
		{8A02BFCB-DB1B-4D51-81C2-BE483EEFE604}.Debug|Any CPU.Build.0 = Debug|Any CPU
		{8A02BFCB-DB1B-4D51-81C2-BE483EEFE604}.Release|Any CPU.ActiveCfg = Release|Any CPU
		{8A02BFCB-DB1B-4D51-81C2-BE483EEFE604}.Release|Any CPU.Build.0 = Release|Any CPU
	EndGlobalSection
	GlobalSection(SolutionProperties) = preSolution
		HideSolutionNode = FALSE
	EndGlobalSection
	GlobalSection(ExtensibilityGlobals) = postSolution
		SolutionGuid = {DC0393BD-80C7-40E8-A34F-73E82E4394D4}
	EndGlobalSection
EndGlobal
